
Microsoft Visual Studio Solution File, Format Version 12.00
# Visual Studio 15
VisualStudioVersion = 15.0.27703.2035
MinimumVisualStudioVersion = 10.0.40219.1
Project("{FAE04EC0-301F-11D3-BF4B-00C04F79EFBC}") = "PriceCalculation.Tests", "PriceCalculation.Tests\PriceCalculation.Tests.csproj", "{99FD5720-C6E9-46CB-9AA9-CABAF2CD46EE}"
EndProject
Project("{FAE04EC0-301F-11D3-BF4B-00C04F79EFBC}") = "PriceCalculation", "PriceCalculation\PriceCalculation.csproj", "{8973DE1F-E3FE-4518-9DE1-66508ECC79EE}"
EndProject
Project("{FAE04EC0-301F-11D3-BF4B-00C04F79EFBC}") = "PriceCalculation.Specification", "PriceCalculation.Specification\PriceCalculation.Specification.csproj", "{A30ED581-F321-4570-925C-F9565D487C03}"
EndProject
Global
	GlobalSection(SolutionConfigurationPlatforms) = preSolution
		Debug|Any CPU = Debug|Any CPU
		Release|Any CPU = Release|Any CPU
	EndGlobalSection
	GlobalSection(ProjectConfigurationPlatforms) = postSolution
		{99FD5720-C6E9-46CB-9AA9-CABAF2CD46EE}.Debug|Any CPU.ActiveCfg = Debug|Any CPU
		{99FD5720-C6E9-46CB-9AA9-CABAF2CD46EE}.Debug|Any CPU.Build.0 = Debug|Any CPU
		{99FD5720-C6E9-46CB-9AA9-CABAF2CD46EE}.Release|Any CPU.ActiveCfg = Release|Any CPU
		{99FD5720-C6E9-46CB-9AA9-CABAF2CD46EE}.Release|Any CPU.Build.0 = Release|Any CPU
		{8973DE1F-E3FE-4518-9DE1-66508ECC79EE}.Debug|Any CPU.ActiveCfg = Debug|Any CPU
		{8973DE1F-E3FE-4518-9DE1-66508ECC79EE}.Debug|Any CPU.Build.0 = Debug|Any CPU
		{8973DE1F-E3FE-4518-9DE1-66508ECC79EE}.Release|Any CPU.ActiveCfg = Release|Any CPU
		{8973DE1F-E3FE-4518-9DE1-66508ECC79EE}.Release|Any CPU.Build.0 = Release|Any CPU
		{A30ED581-F321-4570-925C-F9565D487C03}.Debug|Any CPU.ActiveCfg = Debug|Any CPU
		{A30ED581-F321-4570-925C-F9565D487C03}.Debug|Any CPU.Build.0 = Debug|Any CPU
		{A30ED581-F321-4570-925C-F9565D487C03}.Release|Any CPU.ActiveCfg = Release|Any CPU
		{A30ED581-F321-4570-925C-F9565D487C03}.Release|Any CPU.Build.0 = Release|Any CPU
	EndGlobalSection
	GlobalSection(SolutionProperties) = preSolution
		HideSolutionNode = FALSE
	EndGlobalSection
	GlobalSection(ExtensibilityGlobals) = postSolution
		SolutionGuid = {3A70EDA0-25C7-44AC-85E0-57954C7B698C}
	EndGlobalSection
EndGlobal
